<?xml version="1.0" encoding="utf-8"?>
<Project ToolsVersion="4.0" xmlns="http://schemas.microsoft.com/developer/msbuild/2003">
  <ItemGroup>
    <ClCompile Include="vs_tests.cpp">
      <Filter>vs_tests\vs_tests</Filter>
    </ClCompile>
    <ClCompile Include="..\..\test\test_apply.cpp">
      <Filter>test</Filter>
    </ClCompile>
    <ClCompile Include="..\..\test\test_DataFrame.cpp">
      <Filter>test</Filter>
    </ClCompile>
    <ClCompile Include="..\..\test\test_DataFrameView.cpp">
      <Filter>test</Filter>
    </ClCompile>
    <ClCompile Include="..\..\test\test_Series.cpp">
      <Filter>test</Filter>
    </ClCompile>
    <ClCompile Include="..\..\test\test_index.cpp">
      <Filter>test</Filter>
    </ClCompile>
  </ItemGroup>
  <ItemGroup>
    <Filter Include="vs_tests">
      <UniqueIdentifier>{c4b4e4f3-0728-43be-a7cc-8b863280e8b1}</UniqueIdentifier>
    </Filter>
    <Filter Include="vs_tests\vs_tests">
      <UniqueIdentifier>{b80b4c79-2141-4600-88b0-40bf7dbec08b}</UniqueIdentifier>
    </Filter>
    <Filter Include="test">
      <UniqueIdentifier>{e69acc21-c0c8-4c64-8f7b-8b323c866f90}</UniqueIdentifier>
    </Filter>
    <Filter Include="include">
      <UniqueIdentifier>{51c8b6e6-6456-429c-b577-a2e6a28548f7}</UniqueIdentifier>
    </Filter>
    <Filter Include="include\impl">
      <UniqueIdentifier>{2a68acb9-8e7c-4ce1-a610-3431af60fde4}</UniqueIdentifier>
    </Filter>
    <Filter Include="doc">
      <UniqueIdentifier>{89be7a4f-0b00-4377-bf20-c81c439c7429}</UniqueIdentifier>
    </Filter>
  </ItemGroup>
  <ItemGroup>
    <ClInclude Include="..\..\include\DataFrameCpp\DataFrame.hpp">
      <Filter>include</Filter>
    </ClInclude>
    <ClInclude Include="..\..\include\DataFrameCpp\DataFrameCpp.hpp">
      <Filter>include</Filter>
    </ClInclude>
    <ClInclude Include="..\..\include\DataFrameCpp\DataFrameView.hpp">
      <Filter>include</Filter>
    </ClInclude>
    <ClInclude Include="..\..\include\DataFrameCpp\date.hpp">
      <Filter>include</Filter>
    </ClInclude>
    <ClInclude Include="..\..\include\DataFrameCpp\Index.hpp">
      <Filter>include</Filter>
    </ClInclude>
    <ClInclude Include="..\..\include\DataFrameCpp\IO.hpp">
      <Filter>include</Filter>
    </ClInclude>
    <ClInclude Include="..\..\include\DataFrameCpp\math.hpp">
      <Filter>include</Filter>
    </ClInclude>
    <ClInclude Include="..\..\include\DataFrameCpp\Series.hpp">
      <Filter>include</Filter>
    </ClInclude>
    <ClInclude Include="..\..\include\DataFrameCpp\SeriesView.hpp">
      <Filter>include</Filter>
    </ClInclude>
    <ClInclude Include="..\..\include\DataFrameCpp\typedef.hpp">
      <Filter>include</Filter>
    </ClInclude>
    <ClInclude Include="..\..\include\DataFrameCpp\util.hpp">
      <Filter>include</Filter>
    </ClInclude>
    <ClInclude Include="..\..\include\DataFrameCpp\impl\AssignmentMacro.hpp">
      <Filter>include\impl</Filter>
    </ClInclude>
    <ClInclude Include="..\..\include\DataFrameCpp\impl\DataFrameImpl.hpp">
      <Filter>include\impl</Filter>
    </ClInclude>
    <ClInclude Include="..\..\include\DataFrameCpp\impl\DataFrameViewImpl.hpp">
      <Filter>include\impl</Filter>
    </ClInclude>
    <ClInclude Include="..\..\include\DataFrameCpp\impl\IndexImpl.hpp">
      <Filter>include\impl</Filter>
    </ClInclude>
    <ClInclude Include="..\..\include\DataFrameCpp\impl\SeriesImpl.hpp">
      <Filter>include\impl</Filter>
    </ClInclude>
    <ClInclude Include="..\..\include\DataFrameCpp\impl\SeriesViewImpl.hpp">
      <Filter>include\impl</Filter>
    </ClInclude>
    <ClInclude Include="..\..\include\DataFrameCpp\impl\UndefMacro.hpp">
      <Filter>include\impl</Filter>
    </ClInclude>
  </ItemGroup>
  <ItemGroup>
    <None Include="..\..\README.md">
      <Filter>doc</Filter>
    </None>
  </ItemGroup>
</Project>